// !$*UTF8*$!
{
	archiveVersion = 1;
	classes = {
	};
	objectVersion = 56;
	objects = {

/* Begin PBXBuildFile section */
		B75EA0352E40FF6800019E97 /* ListGenreView.swift in Sources */ = {isa = PBXBuildFile; fileRef = B75EA0342E40FF6800019E97 /* ListGenreView.swift */; };
		B7706DFD2E38FE3D00D0E04C /* SearchArtistView.swift in Sources */ = {isa = PBXBuildFile; fileRef = B7706DFC2E38FE3D00D0E04C /* SearchArtistView.swift */; };
		B7706DFF2E3902CA00D0E04C /* FavoriteArtistsView.swift in Sources */ = {isa = PBXBuildFile; fileRef = B7706DFE2E3902CA00D0E04C /* FavoriteArtistsView.swift */; };
		B7706E012E39035100D0E04C /* TabBarView.swift in Sources */ = {isa = PBXBuildFile; fileRef = B7706E002E39035100D0E04C /* TabBarView.swift */; };
		B78B4CF82E3CDFBC004DC1F6 /* Utils.swift in Sources */ = {isa = PBXBuildFile; fileRef = B78B4CF72E3CDFBC004DC1F6 /* Utils.swift */; };
		B78B4CFA2E3CEA3E004DC1F6 /* ArtistDetailsView.swift in Sources */ = {isa = PBXBuildFile; fileRef = B78B4CF92E3CEA3E004DC1F6 /* ArtistDetailsView.swift */; };
		B78B4CFE2E3CFD80004DC1F6 /* CardAlbum.swift in Sources */ = {isa = PBXBuildFile; fileRef = B78B4CFD2E3CFD80004DC1F6 /* CardAlbum.swift */; };
		B792F2D32E37A5FD007F0572 /* SpotifyExplorerApp.swift in Sources */ = {isa = PBXBuildFile; fileRef = B792F2D22E37A5FD007F0572 /* SpotifyExplorerApp.swift */; };
		B792F2D52E37A5FD007F0572 /* HomeScreenView.swift in Sources */ = {isa = PBXBuildFile; fileRef = B792F2D42E37A5FD007F0572 /* HomeScreenView.swift */; };
		B792F2D72E37A601007F0572 /* Assets.xcassets in Resources */ = {isa = PBXBuildFile; fileRef = B792F2D62E37A601007F0572 /* Assets.xcassets */; };
		B792F2DA2E37A601007F0572 /* Preview Assets.xcassets in Resources */ = {isa = PBXBuildFile; fileRef = B792F2D92E37A601007F0572 /* Preview Assets.xcassets */; };
<<<<<<< Updated upstream
		B7A5ADA02E46302200FC6FEA /* Artist.swift in Sources */ = {isa = PBXBuildFile; fileRef = B7A5AD9F2E46302200FC6FEA /* Artist.swift */; };
		B7A5ADA22E46303300FC6FEA /* Track.swift in Sources */ = {isa = PBXBuildFile; fileRef = B7A5ADA12E46303300FC6FEA /* Track.swift */; };
		B7A5ADA42E46304B00FC6FEA /* Album.swift in Sources */ = {isa = PBXBuildFile; fileRef = B7A5ADA32E46304B00FC6FEA /* Album.swift */; };
		B7BDC6D22E3B811F00BE8A4D /* CardSuggestion.swift in Sources */ = {isa = PBXBuildFile; fileRef = B7BDC6D12E3B811F00BE8A4D /* CardSuggestion.swift */; };
		B7BDC6D42E3BB7B200BE8A4D /* CardFavorites.swift in Sources */ = {isa = PBXBuildFile; fileRef = B7BDC6D32E3BB7B200BE8A4D /* CardFavorites.swift */; };
		B7F0D0712E3A28F6008DB1E7 /* PreviewData.swift in Sources */ = {isa = PBXBuildFile; fileRef = B7F0D0702E3A28F6008DB1E7 /* PreviewData.swift */; };
=======
		B7B851102E42159500C0E9B7 /* GenreArtistsViewModel.swift in Sources */ = {isa = PBXBuildFile; fileRef = B7B8510F2E42159500C0E9B7 /* GenreArtistsViewModel.swift */; };
		B7BDC6D22E3B811F00BE8A4D /* CardSuggestion.swift in Sources */ = {isa = PBXBuildFile; fileRef = B7BDC6D12E3B811F00BE8A4D /* CardSuggestion.swift */; };
		B7BDC6D42E3BB7B200BE8A4D /* CardFavorites.swift in Sources */ = {isa = PBXBuildFile; fileRef = B7BDC6D32E3BB7B200BE8A4D /* CardFavorites.swift */; };
		B7BDCBE42E44C3220012F609 /* CardTracks.swift in Sources */ = {isa = PBXBuildFile; fileRef = B7BDCBE32E44C3220012F609 /* CardTracks.swift */; };
		B7BDCBE62E44D16E0012F609 /* ArtistDetailsViewModel.swift in Sources */ = {isa = PBXBuildFile; fileRef = B7BDCBE52E44D16E0012F609 /* ArtistDetailsViewModel.swift */; };
		B7BDCBE82E44D74C0012F609 /* AlbumTrackView.swift in Sources */ = {isa = PBXBuildFile; fileRef = B7BDCBE72E44D74C0012F609 /* AlbumTrackView.swift */; };
		B7E2461E2E4393E200E19844 /* DetailsScreenHeader.swift in Sources */ = {isa = PBXBuildFile; fileRef = B7E2461D2E4393E200E19844 /* DetailsScreenHeader.swift */; };
		B7E246202E43999A00E19844 /* FavoriteButton.swift in Sources */ = {isa = PBXBuildFile; fileRef = B7E2461F2E43999A00E19844 /* FavoriteButton.swift */; };
		B7F0D0712E3A28F6008DB1E7 /* MockData.swift in Sources */ = {isa = PBXBuildFile; fileRef = B7F0D0702E3A28F6008DB1E7 /* MockData.swift */; };
>>>>>>> Stashed changes
		B7F0D0732E3A397D008DB1E7 /* CardArtist.swift in Sources */ = {isa = PBXBuildFile; fileRef = B7F0D0722E3A397D008DB1E7 /* CardArtist.swift */; };
		B7F0D0752E3A5AFC008DB1E7 /* GenreButton.swift in Sources */ = {isa = PBXBuildFile; fileRef = B7F0D0742E3A5AFC008DB1E7 /* GenreButton.swift */; };
		B7F72CC72E40C366007E26C3 /* SearchArtistViewModel.swift in Sources */ = {isa = PBXBuildFile; fileRef = B7F72CC62E40C366007E26C3 /* SearchArtistViewModel.swift */; };
		B7F72CC92E40D533007E26C3 /* FavoritesViewModel.swift in Sources */ = {isa = PBXBuildFile; fileRef = B7F72CC82E40D533007E26C3 /* FavoritesViewModel.swift */; };
/* End PBXBuildFile section */

/* Begin PBXFileReference section */
		B75EA0342E40FF6800019E97 /* ListGenreView.swift */ = {isa = PBXFileReference; lastKnownFileType = sourcecode.swift; path = ListGenreView.swift; sourceTree = "<group>"; };
		B7706DFC2E38FE3D00D0E04C /* SearchArtistView.swift */ = {isa = PBXFileReference; lastKnownFileType = sourcecode.swift; path = SearchArtistView.swift; sourceTree = "<group>"; };
		B7706DFE2E3902CA00D0E04C /* FavoriteArtistsView.swift */ = {isa = PBXFileReference; lastKnownFileType = sourcecode.swift; path = FavoriteArtistsView.swift; sourceTree = "<group>"; };
		B7706E002E39035100D0E04C /* TabBarView.swift */ = {isa = PBXFileReference; lastKnownFileType = sourcecode.swift; path = TabBarView.swift; sourceTree = "<group>"; };
		B78B4CF72E3CDFBC004DC1F6 /* Utils.swift */ = {isa = PBXFileReference; lastKnownFileType = sourcecode.swift; path = Utils.swift; sourceTree = "<group>"; };
		B78B4CF92E3CEA3E004DC1F6 /* ArtistDetailsView.swift */ = {isa = PBXFileReference; lastKnownFileType = sourcecode.swift; path = ArtistDetailsView.swift; sourceTree = "<group>"; };
		B78B4CFD2E3CFD80004DC1F6 /* CardAlbum.swift */ = {isa = PBXFileReference; lastKnownFileType = sourcecode.swift; path = CardAlbum.swift; sourceTree = "<group>"; };
		B792F2CF2E37A5FD007F0572 /* SpotifyExplorer.app */ = {isa = PBXFileReference; explicitFileType = wrapper.application; includeInIndex = 0; path = SpotifyExplorer.app; sourceTree = BUILT_PRODUCTS_DIR; };
		B792F2D22E37A5FD007F0572 /* SpotifyExplorerApp.swift */ = {isa = PBXFileReference; lastKnownFileType = sourcecode.swift; path = SpotifyExplorerApp.swift; sourceTree = "<group>"; };
		B792F2D42E37A5FD007F0572 /* HomeScreenView.swift */ = {isa = PBXFileReference; lastKnownFileType = sourcecode.swift; path = HomeScreenView.swift; sourceTree = "<group>"; };
		B792F2D62E37A601007F0572 /* Assets.xcassets */ = {isa = PBXFileReference; lastKnownFileType = folder.assetcatalog; path = Assets.xcassets; sourceTree = "<group>"; };
		B792F2D92E37A601007F0572 /* Preview Assets.xcassets */ = {isa = PBXFileReference; lastKnownFileType = folder.assetcatalog; path = "Preview Assets.xcassets"; sourceTree = "<group>"; };
<<<<<<< Updated upstream
		B7A5AD9F2E46302200FC6FEA /* Artist.swift */ = {isa = PBXFileReference; lastKnownFileType = sourcecode.swift; path = Artist.swift; sourceTree = "<group>"; };
		B7A5ADA12E46303300FC6FEA /* Track.swift */ = {isa = PBXFileReference; lastKnownFileType = sourcecode.swift; path = Track.swift; sourceTree = "<group>"; };
		B7A5ADA32E46304B00FC6FEA /* Album.swift */ = {isa = PBXFileReference; lastKnownFileType = sourcecode.swift; path = Album.swift; sourceTree = "<group>"; };
		B7BDC6D12E3B811F00BE8A4D /* CardSuggestion.swift */ = {isa = PBXFileReference; lastKnownFileType = sourcecode.swift; path = CardSuggestion.swift; sourceTree = "<group>"; };
		B7BDC6D32E3BB7B200BE8A4D /* CardFavorites.swift */ = {isa = PBXFileReference; lastKnownFileType = sourcecode.swift; path = CardFavorites.swift; sourceTree = "<group>"; };
		B7F0D0702E3A28F6008DB1E7 /* PreviewData.swift */ = {isa = PBXFileReference; lastKnownFileType = sourcecode.swift; path = PreviewData.swift; sourceTree = "<group>"; };
=======
		B7B8510F2E42159500C0E9B7 /* GenreArtistsViewModel.swift */ = {isa = PBXFileReference; lastKnownFileType = sourcecode.swift; path = GenreArtistsViewModel.swift; sourceTree = "<group>"; };
		B7BDC6D12E3B811F00BE8A4D /* CardSuggestion.swift */ = {isa = PBXFileReference; lastKnownFileType = sourcecode.swift; path = CardSuggestion.swift; sourceTree = "<group>"; };
		B7BDC6D32E3BB7B200BE8A4D /* CardFavorites.swift */ = {isa = PBXFileReference; lastKnownFileType = sourcecode.swift; path = CardFavorites.swift; sourceTree = "<group>"; };
		B7BDCBE32E44C3220012F609 /* CardTracks.swift */ = {isa = PBXFileReference; lastKnownFileType = sourcecode.swift; path = CardTracks.swift; sourceTree = "<group>"; };
		B7BDCBE52E44D16E0012F609 /* ArtistDetailsViewModel.swift */ = {isa = PBXFileReference; lastKnownFileType = sourcecode.swift; path = ArtistDetailsViewModel.swift; sourceTree = "<group>"; };
		B7BDCBE72E44D74C0012F609 /* AlbumTrackView.swift */ = {isa = PBXFileReference; lastKnownFileType = sourcecode.swift; path = AlbumTrackView.swift; sourceTree = "<group>"; };
		B7E2461D2E4393E200E19844 /* DetailsScreenHeader.swift */ = {isa = PBXFileReference; lastKnownFileType = sourcecode.swift; path = DetailsScreenHeader.swift; sourceTree = "<group>"; };
		B7E2461F2E43999A00E19844 /* FavoriteButton.swift */ = {isa = PBXFileReference; lastKnownFileType = sourcecode.swift; path = FavoriteButton.swift; sourceTree = "<group>"; };
		B7F0D0702E3A28F6008DB1E7 /* MockData.swift */ = {isa = PBXFileReference; lastKnownFileType = sourcecode.swift; path = MockData.swift; sourceTree = "<group>"; };
>>>>>>> Stashed changes
		B7F0D0722E3A397D008DB1E7 /* CardArtist.swift */ = {isa = PBXFileReference; lastKnownFileType = sourcecode.swift; path = CardArtist.swift; sourceTree = "<group>"; };
		B7F0D0742E3A5AFC008DB1E7 /* GenreButton.swift */ = {isa = PBXFileReference; lastKnownFileType = sourcecode.swift; path = GenreButton.swift; sourceTree = "<group>"; };
		B7F72CC62E40C366007E26C3 /* SearchArtistViewModel.swift */ = {isa = PBXFileReference; lastKnownFileType = sourcecode.swift; path = SearchArtistViewModel.swift; sourceTree = "<group>"; };
		B7F72CC82E40D533007E26C3 /* FavoritesViewModel.swift */ = {isa = PBXFileReference; lastKnownFileType = sourcecode.swift; path = FavoritesViewModel.swift; sourceTree = "<group>"; };
/* End PBXFileReference section */

/* Begin PBXFrameworksBuildPhase section */
		B792F2CC2E37A5FD007F0572 /* Frameworks */ = {
			isa = PBXFrameworksBuildPhase;
			buildActionMask = 2147483647;
			files = (
			);
			runOnlyForDeploymentPostprocessing = 0;
		};
/* End PBXFrameworksBuildPhase section */

/* Begin PBXGroup section */
		B792F2C62E37A5FD007F0572 = {
			isa = PBXGroup;
			children = (
				B792F2D12E37A5FD007F0572 /* SpotifyExplorer */,
				B792F2D02E37A5FD007F0572 /* Products */,
			);
			sourceTree = "<group>";
		};
		B792F2D02E37A5FD007F0572 /* Products */ = {
			isa = PBXGroup;
			children = (
				B792F2CF2E37A5FD007F0572 /* SpotifyExplorer.app */,
			);
			name = Products;
			sourceTree = "<group>";
		};
		B792F2D12E37A5FD007F0572 /* SpotifyExplorer */ = {
			isa = PBXGroup;
			children = (
				B7A5AD9E2E462D1F00FC6FEA /* Model */,
				B7F0D0762E3A671B008DB1E7 /* Components */,
				B792F2E02E37B572007F0572 /* Views */,
				B7F72CC52E40C2BC007E26C3 /* ViewModel */,
				B792F2D22E37A5FD007F0572 /* SpotifyExplorerApp.swift */,
				B792F2D62E37A601007F0572 /* Assets.xcassets */,
				B792F2D82E37A601007F0572 /* Preview Content */,
<<<<<<< Updated upstream
				B7F0D0702E3A28F6008DB1E7 /* PreviewData.swift */,
				B78B4CF72E3CDFBC004DC1F6 /* Styles.swift */,
=======
				B7F0D0702E3A28F6008DB1E7 /* MockData.swift */,
				B78B4CF72E3CDFBC004DC1F6 /* Utils.swift */,
>>>>>>> Stashed changes
			);
			path = SpotifyExplorer;
			sourceTree = "<group>";
		};
		B792F2D82E37A601007F0572 /* Preview Content */ = {
			isa = PBXGroup;
			children = (
				B792F2D92E37A601007F0572 /* Preview Assets.xcassets */,
			);
			path = "Preview Content";
			sourceTree = "<group>";
		};
		B792F2E02E37B572007F0572 /* Views */ = {
			isa = PBXGroup;
			children = (
				B7E2461C2E43937D00E19844 /* ArtistDetails */,
				B792F2D42E37A5FD007F0572 /* HomeScreenView.swift */,
				B7706E002E39035100D0E04C /* TabBarView.swift */,
				B7706DFC2E38FE3D00D0E04C /* SearchArtistView.swift */,
				B7706DFE2E3902CA00D0E04C /* FavoriteArtistsView.swift */,
				B75EA0342E40FF6800019E97 /* ListGenreView.swift */,
				B7BDCBE72E44D74C0012F609 /* AlbumTrackView.swift */,
			);
			path = Views;
			sourceTree = "<group>";
		};
<<<<<<< Updated upstream
		B7A5AD9E2E462D1F00FC6FEA /* Model */ = {
			isa = PBXGroup;
			children = (
				B7A5AD9F2E46302200FC6FEA /* Artist.swift */,
				B7A5ADA12E46303300FC6FEA /* Track.swift */,
				B7A5ADA32E46304B00FC6FEA /* Album.swift */,
			);
			path = Model;
=======
		B7E2461C2E43937D00E19844 /* ArtistDetails */ = {
			isa = PBXGroup;
			children = (
				B78B4CF92E3CEA3E004DC1F6 /* ArtistDetailsView.swift */,
				B7E2461D2E4393E200E19844 /* DetailsScreenHeader.swift */,
			);
			path = ArtistDetails;
>>>>>>> Stashed changes
			sourceTree = "<group>";
		};
		B7F0D0762E3A671B008DB1E7 /* Components */ = {
			isa = PBXGroup;
			children = (
				B7F0D0742E3A5AFC008DB1E7 /* GenreButton.swift */,
				B7F0D0722E3A397D008DB1E7 /* CardArtist.swift */,
				B7BDC6D12E3B811F00BE8A4D /* CardSuggestion.swift */,
				B7BDC6D32E3BB7B200BE8A4D /* CardFavorites.swift */,
				B78B4CFD2E3CFD80004DC1F6 /* CardAlbum.swift */,
				B7E2461F2E43999A00E19844 /* FavoriteButton.swift */,
				B7BDCBE32E44C3220012F609 /* CardTracks.swift */,
			);
			path = Components;
			sourceTree = "<group>";
		};
		B7F72CC52E40C2BC007E26C3 /* ViewModel */ = {
			isa = PBXGroup;
			children = (
				B7F72CC62E40C366007E26C3 /* SearchArtistViewModel.swift */,
				B7F72CC82E40D533007E26C3 /* FavoritesViewModel.swift */,
				B7B8510F2E42159500C0E9B7 /* GenreArtistsViewModel.swift */,
				B7BDCBE52E44D16E0012F609 /* ArtistDetailsViewModel.swift */,
			);
			path = ViewModel;
			sourceTree = "<group>";
		};
/* End PBXGroup section */

/* Begin PBXNativeTarget section */
		B792F2CE2E37A5FD007F0572 /* SpotifyExplorer */ = {
			isa = PBXNativeTarget;
			buildConfigurationList = B792F2DD2E37A601007F0572 /* Build configuration list for PBXNativeTarget "SpotifyExplorer" */;
			buildPhases = (
				B792F2CB2E37A5FD007F0572 /* Sources */,
				B792F2CC2E37A5FD007F0572 /* Frameworks */,
				B792F2CD2E37A5FD007F0572 /* Resources */,
			);
			buildRules = (
			);
			dependencies = (
			);
			name = SpotifyExplorer;
			productName = SpotifyExplorer;
			productReference = B792F2CF2E37A5FD007F0572 /* SpotifyExplorer.app */;
			productType = "com.apple.product-type.application";
		};
/* End PBXNativeTarget section */

/* Begin PBXProject section */
		B792F2C72E37A5FD007F0572 /* Project object */ = {
			isa = PBXProject;
			attributes = {
				BuildIndependentTargetsInParallel = 1;
				LastSwiftUpdateCheck = 1520;
				LastUpgradeCheck = 1520;
				TargetAttributes = {
					B792F2CE2E37A5FD007F0572 = {
						CreatedOnToolsVersion = 15.2;
					};
				};
			};
			buildConfigurationList = B792F2CA2E37A5FD007F0572 /* Build configuration list for PBXProject "SpotifyExplorer" */;
			compatibilityVersion = "Xcode 14.0";
			developmentRegion = en;
			hasScannedForEncodings = 0;
			knownRegions = (
				en,
				Base,
			);
			mainGroup = B792F2C62E37A5FD007F0572;
			productRefGroup = B792F2D02E37A5FD007F0572 /* Products */;
			projectDirPath = "";
			projectRoot = "";
			targets = (
				B792F2CE2E37A5FD007F0572 /* SpotifyExplorer */,
			);
		};
/* End PBXProject section */

/* Begin PBXResourcesBuildPhase section */
		B792F2CD2E37A5FD007F0572 /* Resources */ = {
			isa = PBXResourcesBuildPhase;
			buildActionMask = 2147483647;
			files = (
				B792F2DA2E37A601007F0572 /* Preview Assets.xcassets in Resources */,
				B792F2D72E37A601007F0572 /* Assets.xcassets in Resources */,
			);
			runOnlyForDeploymentPostprocessing = 0;
		};
/* End PBXResourcesBuildPhase section */

/* Begin PBXSourcesBuildPhase section */
		B792F2CB2E37A5FD007F0572 /* Sources */ = {
			isa = PBXSourcesBuildPhase;
			buildActionMask = 2147483647;
			files = (
				B7BDCBE82E44D74C0012F609 /* AlbumTrackView.swift in Sources */,
				B78B4CF82E3CDFBC004DC1F6 /* Utils.swift in Sources */,
				B7E246202E43999A00E19844 /* FavoriteButton.swift in Sources */,
				B78B4CFE2E3CFD80004DC1F6 /* CardAlbum.swift in Sources */,
				B792F2D52E37A5FD007F0572 /* HomeScreenView.swift in Sources */,
				B7B851102E42159500C0E9B7 /* GenreArtistsViewModel.swift in Sources */,
				B7F0D0752E3A5AFC008DB1E7 /* GenreButton.swift in Sources */,
				B7F0D0712E3A28F6008DB1E7 /* PreviewData.swift in Sources */,
				B7A5ADA22E46303300FC6FEA /* Track.swift in Sources */,
				B7A5ADA42E46304B00FC6FEA /* Album.swift in Sources */,
				B7F0D0732E3A397D008DB1E7 /* CardArtist.swift in Sources */,
				B75EA0352E40FF6800019E97 /* ListGenreView.swift in Sources */,
				B7706DFD2E38FE3D00D0E04C /* SearchArtistView.swift in Sources */,
				B7A5ADA02E46302200FC6FEA /* Artist.swift in Sources */,
				B7706DFF2E3902CA00D0E04C /* FavoriteArtistsView.swift in Sources */,
				B7BDCBE62E44D16E0012F609 /* ArtistDetailsViewModel.swift in Sources */,
				B7706E012E39035100D0E04C /* TabBarView.swift in Sources */,
				B7BDC6D42E3BB7B200BE8A4D /* CardFavorites.swift in Sources */,
				B7BDCBE42E44C3220012F609 /* CardTracks.swift in Sources */,
				B7BDC6D22E3B811F00BE8A4D /* CardSuggestion.swift in Sources */,
				B7E2461E2E4393E200E19844 /* DetailsScreenHeader.swift in Sources */,
				B78B4CFA2E3CEA3E004DC1F6 /* ArtistDetailsView.swift in Sources */,
				B792F2D32E37A5FD007F0572 /* SpotifyExplorerApp.swift in Sources */,
				B7F72CC72E40C366007E26C3 /* SearchArtistViewModel.swift in Sources */,
				B7F72CC92E40D533007E26C3 /* FavoritesViewModel.swift in Sources */,
			);
			runOnlyForDeploymentPostprocessing = 0;
		};
/* End PBXSourcesBuildPhase section */

/* Begin XCBuildConfiguration section */
		B792F2DB2E37A601007F0572 /* Debug */ = {
			isa = XCBuildConfiguration;
			buildSettings = {
				ALWAYS_SEARCH_USER_PATHS = NO;
				ASSETCATALOG_COMPILER_GENERATE_SWIFT_ASSET_SYMBOL_EXTENSIONS = YES;
				CLANG_ANALYZER_NONNULL = YES;
				CLANG_ANALYZER_NUMBER_OBJECT_CONVERSION = YES_AGGRESSIVE;
				CLANG_CXX_LANGUAGE_STANDARD = "gnu++20";
				CLANG_ENABLE_MODULES = YES;
				CLANG_ENABLE_OBJC_ARC = YES;
				CLANG_ENABLE_OBJC_WEAK = YES;
				CLANG_WARN_BLOCK_CAPTURE_AUTORELEASING = YES;
				CLANG_WARN_BOOL_CONVERSION = YES;
				CLANG_WARN_COMMA = YES;
				CLANG_WARN_CONSTANT_CONVERSION = YES;
				CLANG_WARN_DEPRECATED_OBJC_IMPLEMENTATIONS = YES;
				CLANG_WARN_DIRECT_OBJC_ISA_USAGE = YES_ERROR;
				CLANG_WARN_DOCUMENTATION_COMMENTS = YES;
				CLANG_WARN_EMPTY_BODY = YES;
				CLANG_WARN_ENUM_CONVERSION = YES;
				CLANG_WARN_INFINITE_RECURSION = YES;
				CLANG_WARN_INT_CONVERSION = YES;
				CLANG_WARN_NON_LITERAL_NULL_CONVERSION = YES;
				CLANG_WARN_OBJC_IMPLICIT_RETAIN_SELF = YES;
				CLANG_WARN_OBJC_LITERAL_CONVERSION = YES;
				CLANG_WARN_OBJC_ROOT_CLASS = YES_ERROR;
				CLANG_WARN_QUOTED_INCLUDE_IN_FRAMEWORK_HEADER = YES;
				CLANG_WARN_RANGE_LOOP_ANALYSIS = YES;
				CLANG_WARN_STRICT_PROTOTYPES = YES;
				CLANG_WARN_SUSPICIOUS_MOVE = YES;
				CLANG_WARN_UNGUARDED_AVAILABILITY = YES_AGGRESSIVE;
				CLANG_WARN_UNREACHABLE_CODE = YES;
				CLANG_WARN__DUPLICATE_METHOD_MATCH = YES;
				COPY_PHASE_STRIP = NO;
				DEBUG_INFORMATION_FORMAT = dwarf;
				ENABLE_STRICT_OBJC_MSGSEND = YES;
				ENABLE_TESTABILITY = YES;
				ENABLE_USER_SCRIPT_SANDBOXING = YES;
				GCC_C_LANGUAGE_STANDARD = gnu17;
				GCC_DYNAMIC_NO_PIC = NO;
				GCC_NO_COMMON_BLOCKS = YES;
				GCC_OPTIMIZATION_LEVEL = 0;
				GCC_PREPROCESSOR_DEFINITIONS = (
					"DEBUG=1",
					"$(inherited)",
				);
				GCC_WARN_64_TO_32_BIT_CONVERSION = YES;
				GCC_WARN_ABOUT_RETURN_TYPE = YES_ERROR;
				GCC_WARN_UNDECLARED_SELECTOR = YES;
				GCC_WARN_UNINITIALIZED_AUTOS = YES_AGGRESSIVE;
				GCC_WARN_UNUSED_FUNCTION = YES;
				GCC_WARN_UNUSED_VARIABLE = YES;
				IPHONEOS_DEPLOYMENT_TARGET = 17.2;
				LOCALIZATION_PREFERS_STRING_CATALOGS = YES;
				MTL_ENABLE_DEBUG_INFO = INCLUDE_SOURCE;
				MTL_FAST_MATH = YES;
				ONLY_ACTIVE_ARCH = YES;
				SDKROOT = iphoneos;
				SWIFT_ACTIVE_COMPILATION_CONDITIONS = "DEBUG $(inherited)";
				SWIFT_OPTIMIZATION_LEVEL = "-Onone";
			};
			name = Debug;
		};
		B792F2DC2E37A601007F0572 /* Release */ = {
			isa = XCBuildConfiguration;
			buildSettings = {
				ALWAYS_SEARCH_USER_PATHS = NO;
				ASSETCATALOG_COMPILER_GENERATE_SWIFT_ASSET_SYMBOL_EXTENSIONS = YES;
				CLANG_ANALYZER_NONNULL = YES;
				CLANG_ANALYZER_NUMBER_OBJECT_CONVERSION = YES_AGGRESSIVE;
				CLANG_CXX_LANGUAGE_STANDARD = "gnu++20";
				CLANG_ENABLE_MODULES = YES;
				CLANG_ENABLE_OBJC_ARC = YES;
				CLANG_ENABLE_OBJC_WEAK = YES;
				CLANG_WARN_BLOCK_CAPTURE_AUTORELEASING = YES;
				CLANG_WARN_BOOL_CONVERSION = YES;
				CLANG_WARN_COMMA = YES;
				CLANG_WARN_CONSTANT_CONVERSION = YES;
				CLANG_WARN_DEPRECATED_OBJC_IMPLEMENTATIONS = YES;
				CLANG_WARN_DIRECT_OBJC_ISA_USAGE = YES_ERROR;
				CLANG_WARN_DOCUMENTATION_COMMENTS = YES;
				CLANG_WARN_EMPTY_BODY = YES;
				CLANG_WARN_ENUM_CONVERSION = YES;
				CLANG_WARN_INFINITE_RECURSION = YES;
				CLANG_WARN_INT_CONVERSION = YES;
				CLANG_WARN_NON_LITERAL_NULL_CONVERSION = YES;
				CLANG_WARN_OBJC_IMPLICIT_RETAIN_SELF = YES;
				CLANG_WARN_OBJC_LITERAL_CONVERSION = YES;
				CLANG_WARN_OBJC_ROOT_CLASS = YES_ERROR;
				CLANG_WARN_QUOTED_INCLUDE_IN_FRAMEWORK_HEADER = YES;
				CLANG_WARN_RANGE_LOOP_ANALYSIS = YES;
				CLANG_WARN_STRICT_PROTOTYPES = YES;
				CLANG_WARN_SUSPICIOUS_MOVE = YES;
				CLANG_WARN_UNGUARDED_AVAILABILITY = YES_AGGRESSIVE;
				CLANG_WARN_UNREACHABLE_CODE = YES;
				CLANG_WARN__DUPLICATE_METHOD_MATCH = YES;
				COPY_PHASE_STRIP = NO;
				DEBUG_INFORMATION_FORMAT = "dwarf-with-dsym";
				ENABLE_NS_ASSERTIONS = NO;
				ENABLE_STRICT_OBJC_MSGSEND = YES;
				ENABLE_USER_SCRIPT_SANDBOXING = YES;
				GCC_C_LANGUAGE_STANDARD = gnu17;
				GCC_NO_COMMON_BLOCKS = YES;
				GCC_WARN_64_TO_32_BIT_CONVERSION = YES;
				GCC_WARN_ABOUT_RETURN_TYPE = YES_ERROR;
				GCC_WARN_UNDECLARED_SELECTOR = YES;
				GCC_WARN_UNINITIALIZED_AUTOS = YES_AGGRESSIVE;
				GCC_WARN_UNUSED_FUNCTION = YES;
				GCC_WARN_UNUSED_VARIABLE = YES;
				IPHONEOS_DEPLOYMENT_TARGET = 17.2;
				LOCALIZATION_PREFERS_STRING_CATALOGS = YES;
				MTL_ENABLE_DEBUG_INFO = NO;
				MTL_FAST_MATH = YES;
				SDKROOT = iphoneos;
				SWIFT_COMPILATION_MODE = wholemodule;
				VALIDATE_PRODUCT = YES;
			};
			name = Release;
		};
		B792F2DE2E37A601007F0572 /* Debug */ = {
			isa = XCBuildConfiguration;
			buildSettings = {
				ASSETCATALOG_COMPILER_APPICON_NAME = AppIcon;
				ASSETCATALOG_COMPILER_GLOBAL_ACCENT_COLOR_NAME = AccentColor;
				CODE_SIGN_STYLE = Automatic;
				CURRENT_PROJECT_VERSION = 1;
				DEVELOPMENT_ASSET_PATHS = "\"SpotifyExplorer/Preview Content\"";
				DEVELOPMENT_TEAM = 872565992N;
				ENABLE_PREVIEWS = YES;
				GENERATE_INFOPLIST_FILE = YES;
				INFOPLIST_KEY_UIApplicationSceneManifest_Generation = YES;
				INFOPLIST_KEY_UIApplicationSupportsIndirectInputEvents = YES;
				INFOPLIST_KEY_UILaunchScreen_Generation = YES;
				INFOPLIST_KEY_UISupportedInterfaceOrientations_iPad = "UIInterfaceOrientationPortrait UIInterfaceOrientationPortraitUpsideDown UIInterfaceOrientationLandscapeLeft UIInterfaceOrientationLandscapeRight";
				INFOPLIST_KEY_UISupportedInterfaceOrientations_iPhone = "UIInterfaceOrientationPortrait UIInterfaceOrientationLandscapeLeft UIInterfaceOrientationLandscapeRight";
				LD_RUNPATH_SEARCH_PATHS = (
					"$(inherited)",
					"@executable_path/Frameworks",
				);
				MARKETING_VERSION = 1.0;
				PRODUCT_BUNDLE_IDENTIFIER = mariadias.SpotifyExplorer;
				PRODUCT_NAME = "$(TARGET_NAME)";
				SWIFT_EMIT_LOC_STRINGS = YES;
				SWIFT_VERSION = 5.0;
				TARGETED_DEVICE_FAMILY = "1,2";
			};
			name = Debug;
		};
		B792F2DF2E37A601007F0572 /* Release */ = {
			isa = XCBuildConfiguration;
			buildSettings = {
				ASSETCATALOG_COMPILER_APPICON_NAME = AppIcon;
				ASSETCATALOG_COMPILER_GLOBAL_ACCENT_COLOR_NAME = AccentColor;
				CODE_SIGN_STYLE = Automatic;
				CURRENT_PROJECT_VERSION = 1;
				DEVELOPMENT_ASSET_PATHS = "\"SpotifyExplorer/Preview Content\"";
				DEVELOPMENT_TEAM = 872565992N;
				ENABLE_PREVIEWS = YES;
				GENERATE_INFOPLIST_FILE = YES;
				INFOPLIST_KEY_UIApplicationSceneManifest_Generation = YES;
				INFOPLIST_KEY_UIApplicationSupportsIndirectInputEvents = YES;
				INFOPLIST_KEY_UILaunchScreen_Generation = YES;
				INFOPLIST_KEY_UISupportedInterfaceOrientations_iPad = "UIInterfaceOrientationPortrait UIInterfaceOrientationPortraitUpsideDown UIInterfaceOrientationLandscapeLeft UIInterfaceOrientationLandscapeRight";
				INFOPLIST_KEY_UISupportedInterfaceOrientations_iPhone = "UIInterfaceOrientationPortrait UIInterfaceOrientationLandscapeLeft UIInterfaceOrientationLandscapeRight";
				LD_RUNPATH_SEARCH_PATHS = (
					"$(inherited)",
					"@executable_path/Frameworks",
				);
				MARKETING_VERSION = 1.0;
				PRODUCT_BUNDLE_IDENTIFIER = mariadias.SpotifyExplorer;
				PRODUCT_NAME = "$(TARGET_NAME)";
				SWIFT_EMIT_LOC_STRINGS = YES;
				SWIFT_VERSION = 5.0;
				TARGETED_DEVICE_FAMILY = "1,2";
			};
			name = Release;
		};
/* End XCBuildConfiguration section */

/* Begin XCConfigurationList section */
		B792F2CA2E37A5FD007F0572 /* Build configuration list for PBXProject "SpotifyExplorer" */ = {
			isa = XCConfigurationList;
			buildConfigurations = (
				B792F2DB2E37A601007F0572 /* Debug */,
				B792F2DC2E37A601007F0572 /* Release */,
			);
			defaultConfigurationIsVisible = 0;
			defaultConfigurationName = Release;
		};
		B792F2DD2E37A601007F0572 /* Build configuration list for PBXNativeTarget "SpotifyExplorer" */ = {
			isa = XCConfigurationList;
			buildConfigurations = (
				B792F2DE2E37A601007F0572 /* Debug */,
				B792F2DF2E37A601007F0572 /* Release */,
			);
			defaultConfigurationIsVisible = 0;
			defaultConfigurationName = Release;
		};
/* End XCConfigurationList section */
	};
	rootObject = B792F2C72E37A5FD007F0572 /* Project object */;
}
