// !$*UTF8*$!
{
	archiveVersion = 1;
	classes = {
	};
	objectVersion = 56;
	objects = {

/* Begin PBXBuildFile section */
		B70BD04F2E4E68DD008B4307 /* ErrorHandling.swift in Sources */ = {isa = PBXBuildFile; fileRef = B70BD04E2E4E68DD008B4307 /* ErrorHandling.swift */; };
		B70BD0572E4E69CD008B4307 /* TokenManager.swift in Sources */ = {isa = PBXBuildFile; fileRef = B70BD0562E4E69CD008B4307 /* TokenManager.swift */; };
		B7132C5A2E5C9D520050A289 /* TabBarAppearance.swift in Sources */ = {isa = PBXBuildFile; fileRef = B7132C592E5C9D520050A289 /* TabBarAppearance.swift */; };
		B7132C5C2E5C9DF90050A289 /* ViewNavigation.swift in Sources */ = {isa = PBXBuildFile; fileRef = B7132C5B2E5C9DF90050A289 /* ViewNavigation.swift */; };
		B7132C5E2E5C9E400050A289 /* GlobalFunctions.swift in Sources */ = {isa = PBXBuildFile; fileRef = B7132C5D2E5C9E400050A289 /* GlobalFunctions.swift */; };
		B73DED9E2E608CD800C04D97 /* PreviewMock.swift in Sources */ = {isa = PBXBuildFile; fileRef = B73DED9D2E608CD800C04D97 /* PreviewMock.swift */; };
		B75EA0352E40FF6800019E97 /* ListGenreView.swift in Sources */ = {isa = PBXBuildFile; fileRef = B75EA0342E40FF6800019E97 /* ListGenreView.swift */; };
		B76D317E2E744B1E0060DABF /* FloatingParticles.swift in Sources */ = {isa = PBXBuildFile; fileRef = B76D317D2E744B1E0060DABF /* FloatingParticles.swift */; };
		B76D31802E744D500060DABF /* MusicBar.swift in Sources */ = {isa = PBXBuildFile; fileRef = B76D317F2E744D500060DABF /* MusicBar.swift */; };
		B76D31822E744ECB0060DABF /* DecorationHomeView.swift in Sources */ = {isa = PBXBuildFile; fileRef = B76D31812E744ECB0060DABF /* DecorationHomeView.swift */; };
		B7706DFD2E38FE3D00D0E04C /* SearchArtistView.swift in Sources */ = {isa = PBXBuildFile; fileRef = B7706DFC2E38FE3D00D0E04C /* SearchArtistView.swift */; };
		B7706DFF2E3902CA00D0E04C /* FavoriteArtistsView.swift in Sources */ = {isa = PBXBuildFile; fileRef = B7706DFE2E3902CA00D0E04C /* FavoriteArtistsView.swift */; };
		B7706E012E39035100D0E04C /* TabBarView.swift in Sources */ = {isa = PBXBuildFile; fileRef = B7706E002E39035100D0E04C /* TabBarView.swift */; };
		B786EC3B2E4B7F600091FC6B /* Artist.swift in Sources */ = {isa = PBXBuildFile; fileRef = B786EC3A2E4B7F600091FC6B /* Artist.swift */; };
		B786EC3D2E4B7F700091FC6B /* Album.swift in Sources */ = {isa = PBXBuildFile; fileRef = B786EC3C2E4B7F6F0091FC6B /* Album.swift */; };
		B786EC3F2E4B80090091FC6B /* Track.swift in Sources */ = {isa = PBXBuildFile; fileRef = B786EC3E2E4B80090091FC6B /* Track.swift */; };
		B78B4CF82E3CDFBC004DC1F6 /* Styles.swift in Sources */ = {isa = PBXBuildFile; fileRef = B78B4CF72E3CDFBC004DC1F6 /* Styles.swift */; };
		B78B4CFA2E3CEA3E004DC1F6 /* ArtistDetailsView.swift in Sources */ = {isa = PBXBuildFile; fileRef = B78B4CF92E3CEA3E004DC1F6 /* ArtistDetailsView.swift */; };
		B78B4CFE2E3CFD80004DC1F6 /* CardAlbum.swift in Sources */ = {isa = PBXBuildFile; fileRef = B78B4CFD2E3CFD80004DC1F6 /* CardAlbum.swift */; };
		B78E64802E6B0D3000DCA4A1 /* ImageCacheConfig.swift in Sources */ = {isa = PBXBuildFile; fileRef = B78E647F2E6B0D3000DCA4A1 /* ImageCacheConfig.swift */; };
		B792F2D32E37A5FD007F0572 /* SpotifyExplorerApp.swift in Sources */ = {isa = PBXBuildFile; fileRef = B792F2D22E37A5FD007F0572 /* SpotifyExplorerApp.swift */; };
		B792F2D52E37A5FD007F0572 /* HomeScreenView.swift in Sources */ = {isa = PBXBuildFile; fileRef = B792F2D42E37A5FD007F0572 /* HomeScreenView.swift */; };
		B792F2D72E37A601007F0572 /* Assets.xcassets in Resources */ = {isa = PBXBuildFile; fileRef = B792F2D62E37A601007F0572 /* Assets.xcassets */; };
		B792F2DA2E37A601007F0572 /* Preview Assets.xcassets in Resources */ = {isa = PBXBuildFile; fileRef = B792F2D92E37A601007F0572 /* Preview Assets.xcassets */; };
		B7B1B9862E65B36800DF9752 /* ShimmerEffect.swift in Sources */ = {isa = PBXBuildFile; fileRef = B7B1B9852E65B36800DF9752 /* ShimmerEffect.swift */; };
		B7B851102E42159500C0E9B7 /* GenreArtistsViewModel.swift in Sources */ = {isa = PBXBuildFile; fileRef = B7B8510F2E42159500C0E9B7 /* GenreArtistsViewModel.swift */; };
		B7BDC6D22E3B811F00BE8A4D /* CardSuggestion.swift in Sources */ = {isa = PBXBuildFile; fileRef = B7BDC6D12E3B811F00BE8A4D /* CardSuggestion.swift */; };
		B7BDC6D42E3BB7B200BE8A4D /* CardFavorites.swift in Sources */ = {isa = PBXBuildFile; fileRef = B7BDC6D32E3BB7B200BE8A4D /* CardFavorites.swift */; };
		B7BDCBE42E44C3220012F609 /* CardTracks.swift in Sources */ = {isa = PBXBuildFile; fileRef = B7BDCBE32E44C3220012F609 /* CardTracks.swift */; };
		B7BDCBE62E44D16E0012F609 /* ArtistDetailsViewModel.swift in Sources */ = {isa = PBXBuildFile; fileRef = B7BDCBE52E44D16E0012F609 /* ArtistDetailsViewModel.swift */; };
		B7BDCBE82E44D74C0012F609 /* AlbumTrackView.swift in Sources */ = {isa = PBXBuildFile; fileRef = B7BDCBE72E44D74C0012F609 /* AlbumTrackView.swift */; };
		B7C059962E536A2F00870DAF /* AlbumTrackViewModel.swift in Sources */ = {isa = PBXBuildFile; fileRef = B7C059952E536A2F00870DAF /* AlbumTrackViewModel.swift */; };
		B7DC01CC2E54A6B3008BF457 /* SpotifyArtistAPI.swift in Sources */ = {isa = PBXBuildFile; fileRef = B7DC01CB2E54A6B3008BF457 /* SpotifyArtistAPI.swift */; };
		B7DC01CE2E54A6F7008BF457 /* SpotifyTracksAPI.swift in Sources */ = {isa = PBXBuildFile; fileRef = B7DC01CD2E54A6F7008BF457 /* SpotifyTracksAPI.swift */; };
		B7DC01D12E54AADC008BF457 /* Kingfisher in Frameworks */ = {isa = PBXBuildFile; productRef = B7DC01D02E54AADC008BF457 /* Kingfisher */; };
		B7DCE46D2E4F503C00ADF360 /* SpotifyAPI.swift in Sources */ = {isa = PBXBuildFile; fileRef = B7DCE46C2E4F503C00ADF360 /* SpotifyAPI.swift */; };
		B7DCE46F2E4F6C0D00ADF360 /* SpotifySharedModels.swift in Sources */ = {isa = PBXBuildFile; fileRef = B7DCE46E2E4F6C0D00ADF360 /* SpotifySharedModels.swift */; };
		B7DCE4712E4F6F0600ADF360 /* SpotifyAPIResponse.swift in Sources */ = {isa = PBXBuildFile; fileRef = B7DCE4702E4F6F0600ADF360 /* SpotifyAPIResponse.swift */; };
		B7E2461E2E4393E200E19844 /* DetailsScreenHeader.swift in Sources */ = {isa = PBXBuildFile; fileRef = B7E2461D2E4393E200E19844 /* DetailsScreenHeader.swift */; };
		B7E246202E43999A00E19844 /* FavoriteButton.swift in Sources */ = {isa = PBXBuildFile; fileRef = B7E2461F2E43999A00E19844 /* FavoriteButton.swift */; };
		B7F0D0732E3A397D008DB1E7 /* CardArtist.swift in Sources */ = {isa = PBXBuildFile; fileRef = B7F0D0722E3A397D008DB1E7 /* CardArtist.swift */; };
		B7F0D0752E3A5AFC008DB1E7 /* GenreButton.swift in Sources */ = {isa = PBXBuildFile; fileRef = B7F0D0742E3A5AFC008DB1E7 /* GenreButton.swift */; };
		B7F72CC72E40C366007E26C3 /* SearchArtistViewModel.swift in Sources */ = {isa = PBXBuildFile; fileRef = B7F72CC62E40C366007E26C3 /* SearchArtistViewModel.swift */; };
		B7F72CC92E40D533007E26C3 /* FavoritesViewModel.swift in Sources */ = {isa = PBXBuildFile; fileRef = B7F72CC82E40D533007E26C3 /* FavoritesViewModel.swift */; };
/* End PBXBuildFile section */

/* Begin PBXFileReference section */
		B70BD04E2E4E68DD008B4307 /* ErrorHandling.swift */ = {isa = PBXFileReference; lastKnownFileType = sourcecode.swift; path = ErrorHandling.swift; sourceTree = "<group>"; };
		B70BD0562E4E69CD008B4307 /* TokenManager.swift */ = {isa = PBXFileReference; lastKnownFileType = sourcecode.swift; path = TokenManager.swift; sourceTree = "<group>"; };
		B7132C592E5C9D520050A289 /* TabBarAppearance.swift */ = {isa = PBXFileReference; lastKnownFileType = sourcecode.swift; path = TabBarAppearance.swift; sourceTree = "<group>"; };
		B7132C5B2E5C9DF90050A289 /* ViewNavigation.swift */ = {isa = PBXFileReference; lastKnownFileType = sourcecode.swift; path = ViewNavigation.swift; sourceTree = "<group>"; };
		B7132C5D2E5C9E400050A289 /* GlobalFunctions.swift */ = {isa = PBXFileReference; lastKnownFileType = sourcecode.swift; path = GlobalFunctions.swift; sourceTree = "<group>"; };
		B73DED9D2E608CD800C04D97 /* PreviewMock.swift */ = {isa = PBXFileReference; lastKnownFileType = sourcecode.swift; path = PreviewMock.swift; sourceTree = "<group>"; };
		B75EA0342E40FF6800019E97 /* ListGenreView.swift */ = {isa = PBXFileReference; lastKnownFileType = sourcecode.swift; path = ListGenreView.swift; sourceTree = "<group>"; };
		B76D317D2E744B1E0060DABF /* FloatingParticles.swift */ = {isa = PBXFileReference; lastKnownFileType = sourcecode.swift; path = FloatingParticles.swift; sourceTree = "<group>"; };
		B76D317F2E744D500060DABF /* MusicBar.swift */ = {isa = PBXFileReference; lastKnownFileType = sourcecode.swift; path = MusicBar.swift; sourceTree = "<group>"; };
		B76D31812E744ECB0060DABF /* DecorationHomeView.swift */ = {isa = PBXFileReference; lastKnownFileType = sourcecode.swift; path = DecorationHomeView.swift; sourceTree = "<group>"; };
		B7706DFC2E38FE3D00D0E04C /* SearchArtistView.swift */ = {isa = PBXFileReference; lastKnownFileType = sourcecode.swift; path = SearchArtistView.swift; sourceTree = "<group>"; };
		B7706DFE2E3902CA00D0E04C /* FavoriteArtistsView.swift */ = {isa = PBXFileReference; lastKnownFileType = sourcecode.swift; path = FavoriteArtistsView.swift; sourceTree = "<group>"; };
		B7706E002E39035100D0E04C /* TabBarView.swift */ = {isa = PBXFileReference; lastKnownFileType = sourcecode.swift; path = TabBarView.swift; sourceTree = "<group>"; };
		B786EC3A2E4B7F600091FC6B /* Artist.swift */ = {isa = PBXFileReference; lastKnownFileType = sourcecode.swift; path = Artist.swift; sourceTree = "<group>"; };
		B786EC3C2E4B7F6F0091FC6B /* Album.swift */ = {isa = PBXFileReference; lastKnownFileType = sourcecode.swift; path = Album.swift; sourceTree = "<group>"; };
		B786EC3E2E4B80090091FC6B /* Track.swift */ = {isa = PBXFileReference; lastKnownFileType = sourcecode.swift; path = Track.swift; sourceTree = "<group>"; };
		B78B4CF72E3CDFBC004DC1F6 /* Styles.swift */ = {isa = PBXFileReference; lastKnownFileType = sourcecode.swift; path = Styles.swift; sourceTree = "<group>"; };
		B78B4CF92E3CEA3E004DC1F6 /* ArtistDetailsView.swift */ = {isa = PBXFileReference; lastKnownFileType = sourcecode.swift; path = ArtistDetailsView.swift; sourceTree = "<group>"; };
		B78B4CFD2E3CFD80004DC1F6 /* CardAlbum.swift */ = {isa = PBXFileReference; lastKnownFileType = sourcecode.swift; path = CardAlbum.swift; sourceTree = "<group>"; };
		B78E647F2E6B0D3000DCA4A1 /* ImageCacheConfig.swift */ = {isa = PBXFileReference; lastKnownFileType = sourcecode.swift; path = ImageCacheConfig.swift; sourceTree = "<group>"; };
		B792F2CF2E37A5FD007F0572 /* SpotifyExplorer.app */ = {isa = PBXFileReference; explicitFileType = wrapper.application; includeInIndex = 0; path = SpotifyExplorer.app; sourceTree = BUILT_PRODUCTS_DIR; };
		B792F2D22E37A5FD007F0572 /* SpotifyExplorerApp.swift */ = {isa = PBXFileReference; lastKnownFileType = sourcecode.swift; path = SpotifyExplorerApp.swift; sourceTree = "<group>"; };
		B792F2D42E37A5FD007F0572 /* HomeScreenView.swift */ = {isa = PBXFileReference; lastKnownFileType = sourcecode.swift; path = HomeScreenView.swift; sourceTree = "<group>"; };
		B792F2D62E37A601007F0572 /* Assets.xcassets */ = {isa = PBXFileReference; lastKnownFileType = folder.assetcatalog; path = Assets.xcassets; sourceTree = "<group>"; };
		B792F2D92E37A601007F0572 /* Preview Assets.xcassets */ = {isa = PBXFileReference; lastKnownFileType = folder.assetcatalog; path = "Preview Assets.xcassets"; sourceTree = "<group>"; };
		B7B1B9852E65B36800DF9752 /* ShimmerEffect.swift */ = {isa = PBXFileReference; lastKnownFileType = sourcecode.swift; path = ShimmerEffect.swift; sourceTree = "<group>"; };
		B7B8510F2E42159500C0E9B7 /* GenreArtistsViewModel.swift */ = {isa = PBXFileReference; lastKnownFileType = sourcecode.swift; path = GenreArtistsViewModel.swift; sourceTree = "<group>"; };
		B7BDC6D12E3B811F00BE8A4D /* CardSuggestion.swift */ = {isa = PBXFileReference; lastKnownFileType = sourcecode.swift; path = CardSuggestion.swift; sourceTree = "<group>"; };
		B7BDC6D32E3BB7B200BE8A4D /* CardFavorites.swift */ = {isa = PBXFileReference; lastKnownFileType = sourcecode.swift; path = CardFavorites.swift; sourceTree = "<group>"; };
		B7BDCBE32E44C3220012F609 /* CardTracks.swift */ = {isa = PBXFileReference; lastKnownFileType = sourcecode.swift; path = CardTracks.swift; sourceTree = "<group>"; };
		B7BDCBE52E44D16E0012F609 /* ArtistDetailsViewModel.swift */ = {isa = PBXFileReference; lastKnownFileType = sourcecode.swift; path = ArtistDetailsViewModel.swift; sourceTree = "<group>"; };
		B7BDCBE72E44D74C0012F609 /* AlbumTrackView.swift */ = {isa = PBXFileReference; lastKnownFileType = sourcecode.swift; path = AlbumTrackView.swift; sourceTree = "<group>"; };
		B7C059952E536A2F00870DAF /* AlbumTrackViewModel.swift */ = {isa = PBXFileReference; lastKnownFileType = sourcecode.swift; path = AlbumTrackViewModel.swift; sourceTree = "<group>"; };
		B7DC01CB2E54A6B3008BF457 /* SpotifyArtistAPI.swift */ = {isa = PBXFileReference; lastKnownFileType = sourcecode.swift; path = SpotifyArtistAPI.swift; sourceTree = "<group>"; };
		B7DC01CD2E54A6F7008BF457 /* SpotifyTracksAPI.swift */ = {isa = PBXFileReference; lastKnownFileType = sourcecode.swift; path = SpotifyTracksAPI.swift; sourceTree = "<group>"; };
		B7DCE46C2E4F503C00ADF360 /* SpotifyAPI.swift */ = {isa = PBXFileReference; lastKnownFileType = sourcecode.swift; path = SpotifyAPI.swift; sourceTree = "<group>"; };
		B7DCE46E2E4F6C0D00ADF360 /* SpotifySharedModels.swift */ = {isa = PBXFileReference; lastKnownFileType = sourcecode.swift; path = SpotifySharedModels.swift; sourceTree = "<group>"; };
		B7DCE4702E4F6F0600ADF360 /* SpotifyAPIResponse.swift */ = {isa = PBXFileReference; lastKnownFileType = sourcecode.swift; path = SpotifyAPIResponse.swift; sourceTree = "<group>"; };
		B7E2461D2E4393E200E19844 /* DetailsScreenHeader.swift */ = {isa = PBXFileReference; lastKnownFileType = sourcecode.swift; path = DetailsScreenHeader.swift; sourceTree = "<group>"; };
		B7E2461F2E43999A00E19844 /* FavoriteButton.swift */ = {isa = PBXFileReference; lastKnownFileType = sourcecode.swift; path = FavoriteButton.swift; sourceTree = "<group>"; };
		B7F0D0722E3A397D008DB1E7 /* CardArtist.swift */ = {isa = PBXFileReference; lastKnownFileType = sourcecode.swift; path = CardArtist.swift; sourceTree = "<group>"; };
		B7F0D0742E3A5AFC008DB1E7 /* GenreButton.swift */ = {isa = PBXFileReference; lastKnownFileType = sourcecode.swift; path = GenreButton.swift; sourceTree = "<group>"; };
		B7F72CC62E40C366007E26C3 /* SearchArtistViewModel.swift */ = {isa = PBXFileReference; lastKnownFileType = sourcecode.swift; path = SearchArtistViewModel.swift; sourceTree = "<group>"; };
		B7F72CC82E40D533007E26C3 /* FavoritesViewModel.swift */ = {isa = PBXFileReference; lastKnownFileType = sourcecode.swift; path = FavoritesViewModel.swift; sourceTree = "<group>"; };
/* End PBXFileReference section */

/* Begin PBXFrameworksBuildPhase section */
		B792F2CC2E37A5FD007F0572 /* Frameworks */ = {
			isa = PBXFrameworksBuildPhase;
			buildActionMask = 2147483647;
			files = (
				B7DC01D12E54AADC008BF457 /* Kingfisher in Frameworks */,
			);
			runOnlyForDeploymentPostprocessing = 0;
		};
/* End PBXFrameworksBuildPhase section */

/* Begin PBXGroup section */
		B7132C5F2E5C9ECB0050A289 /* Utils */ = {
			isa = PBXGroup;
			children = (
				B7132C592E5C9D520050A289 /* TabBarAppearance.swift */,
				B78B4CF72E3CDFBC004DC1F6 /* Styles.swift */,
				B7132C5B2E5C9DF90050A289 /* ViewNavigation.swift */,
				B7132C5D2E5C9E400050A289 /* GlobalFunctions.swift */,
				B7B1B9852E65B36800DF9752 /* ShimmerEffect.swift */,
			);
			path = Utils;
			sourceTree = "<group>";
		};
		B76D31832E7453EE0060DABF /* Animations */ = {
			isa = PBXGroup;
			children = (
				B76D31812E744ECB0060DABF /* DecorationHomeView.swift */,
				B76D317D2E744B1E0060DABF /* FloatingParticles.swift */,
				B76D317F2E744D500060DABF /* MusicBar.swift */,
			);
			path = Animations;
			sourceTree = "<group>";
		};
		B786EC392E4B7F500091FC6B /* Shared */ = {
			isa = PBXGroup;
			children = (
				B7DCE46E2E4F6C0D00ADF360 /* SpotifySharedModels.swift */,
				B73DED9D2E608CD800C04D97 /* PreviewMock.swift */,
				B78E647F2E6B0D3000DCA4A1 /* ImageCacheConfig.swift */,
			);
			path = Shared;
			sourceTree = "<group>";
		};
		B792F2C62E37A5FD007F0572 = {
			isa = PBXGroup;
			children = (
				B792F2D12E37A5FD007F0572 /* SpotifyExplorer */,
				B792F2D02E37A5FD007F0572 /* Products */,
			);
			sourceTree = "<group>";
		};
		B792F2D02E37A5FD007F0572 /* Products */ = {
			isa = PBXGroup;
			children = (
				B792F2CF2E37A5FD007F0572 /* SpotifyExplorer.app */,
			);
			name = Products;
			sourceTree = "<group>";
		};
		B792F2D12E37A5FD007F0572 /* SpotifyExplorer */ = {
			isa = PBXGroup;
			children = (
				B786EC392E4B7F500091FC6B /* Shared */,
				B7132C5F2E5C9ECB0050A289 /* Utils */,
				B7C0598C2E535D3800870DAF /* AlbumTrack */,
				B7C059882E535CE100870DAF /* Genres */,
				B7C059832E535C4D00870DAF /* Favorites */,
				B7C0597D2E535B2100870DAF /* Artists */,
				B7DCE46B2E4F49EA00ADF360 /* API */,
				B792F2E02E37B572007F0572 /* MainViews */,
				B792F2D22E37A5FD007F0572 /* SpotifyExplorerApp.swift */,
				B792F2D62E37A601007F0572 /* Assets.xcassets */,
				B792F2D82E37A601007F0572 /* Preview Content */,
			);
			path = SpotifyExplorer;
			sourceTree = "<group>";
		};
		B792F2D82E37A601007F0572 /* Preview Content */ = {
			isa = PBXGroup;
			children = (
				B792F2D92E37A601007F0572 /* Preview Assets.xcassets */,
			);
			path = "Preview Content";
			sourceTree = "<group>";
		};
		B792F2E02E37B572007F0572 /* MainViews */ = {
			isa = PBXGroup;
			children = (
				B76D31832E7453EE0060DABF /* Animations */,
				B792F2D42E37A5FD007F0572 /* HomeScreenView.swift */,
				B7706E002E39035100D0E04C /* TabBarView.swift */,
			);
			path = MainViews;
			sourceTree = "<group>";
		};
		B7C0597D2E535B2100870DAF /* Artists */ = {
			isa = PBXGroup;
			children = (
				B7C059812E535B9C00870DAF /* Components */,
				B7C059802E535B7E00870DAF /* Model */,
				B7C0597E2E535B3A00870DAF /* View */,
				B7C0597F2E535B5400870DAF /* ViewModel */,
			);
			path = Artists;
			sourceTree = "<group>";
		};
		B7C0597E2E535B3A00870DAF /* View */ = {
			isa = PBXGroup;
			children = (
				B7E2461C2E43937D00E19844 /* ArtistDetails */,
				B7706DFC2E38FE3D00D0E04C /* SearchArtistView.swift */,
			);
			path = View;
			sourceTree = "<group>";
		};
		B7C0597F2E535B5400870DAF /* ViewModel */ = {
			isa = PBXGroup;
			children = (
				B7C0598F2E535D9800870DAF /* ArtistDetails */,
				B7F72CC62E40C366007E26C3 /* SearchArtistViewModel.swift */,
			);
			path = ViewModel;
			sourceTree = "<group>";
		};
		B7C059802E535B7E00870DAF /* Model */ = {
			isa = PBXGroup;
			children = (
				B786EC3A2E4B7F600091FC6B /* Artist.swift */,
			);
			path = Model;
			sourceTree = "<group>";
		};
		B7C059812E535B9C00870DAF /* Components */ = {
			isa = PBXGroup;
			children = (
				B7F0D0722E3A397D008DB1E7 /* CardArtist.swift */,
				B7BDC6D12E3B811F00BE8A4D /* CardSuggestion.swift */,
			);
			path = Components;
			sourceTree = "<group>";
		};
		B7C059832E535C4D00870DAF /* Favorites */ = {
			isa = PBXGroup;
			children = (
				B7C059862E535C8100870DAF /* Components */,
				B7C059852E535C6700870DAF /* View */,
				B7C059872E535C9F00870DAF /* ViewModel */,
			);
			path = Favorites;
			sourceTree = "<group>";
		};
		B7C059852E535C6700870DAF /* View */ = {
			isa = PBXGroup;
			children = (
				B7706DFE2E3902CA00D0E04C /* FavoriteArtistsView.swift */,
			);
			path = View;
			sourceTree = "<group>";
		};
		B7C059862E535C8100870DAF /* Components */ = {
			isa = PBXGroup;
			children = (
				B7BDC6D32E3BB7B200BE8A4D /* CardFavorites.swift */,
				B7E2461F2E43999A00E19844 /* FavoriteButton.swift */,
			);
			path = Components;
			sourceTree = "<group>";
		};
		B7C059872E535C9F00870DAF /* ViewModel */ = {
			isa = PBXGroup;
			children = (
				B7F72CC82E40D533007E26C3 /* FavoritesViewModel.swift */,
			);
			path = ViewModel;
			sourceTree = "<group>";
		};
		B7C059882E535CE100870DAF /* Genres */ = {
			isa = PBXGroup;
			children = (
				B7C0598B2E535D0E00870DAF /* Components */,
				B7C059892E535CEA00870DAF /* View */,
				B7C0598A2E535CFC00870DAF /* ViewModel */,
			);
			path = Genres;
			sourceTree = "<group>";
		};
		B7C059892E535CEA00870DAF /* View */ = {
			isa = PBXGroup;
			children = (
				B75EA0342E40FF6800019E97 /* ListGenreView.swift */,
			);
			path = View;
			sourceTree = "<group>";
		};
		B7C0598A2E535CFC00870DAF /* ViewModel */ = {
			isa = PBXGroup;
			children = (
				B7B8510F2E42159500C0E9B7 /* GenreArtistsViewModel.swift */,
			);
			path = ViewModel;
			sourceTree = "<group>";
		};
		B7C0598B2E535D0E00870DAF /* Components */ = {
			isa = PBXGroup;
			children = (
				B7F0D0742E3A5AFC008DB1E7 /* GenreButton.swift */,
			);
			path = Components;
			sourceTree = "<group>";
		};
		B7C0598C2E535D3800870DAF /* AlbumTrack */ = {
			isa = PBXGroup;
			children = (
				B7C059902E535DBB00870DAF /* Model */,
				B7C0598E2E535D6900870DAF /* Components */,
				B7C0598D2E535D5900870DAF /* View */,
				B7C059942E5369F500870DAF /* ViewModel */,
			);
			path = AlbumTrack;
			sourceTree = "<group>";
		};
		B7C0598D2E535D5900870DAF /* View */ = {
			isa = PBXGroup;
			children = (
				B7BDCBE72E44D74C0012F609 /* AlbumTrackView.swift */,
			);
			path = View;
			sourceTree = "<group>";
		};
		B7C0598E2E535D6900870DAF /* Components */ = {
			isa = PBXGroup;
			children = (
				B78B4CFD2E3CFD80004DC1F6 /* CardAlbum.swift */,
				B7BDCBE32E44C3220012F609 /* CardTracks.swift */,
			);
			path = Components;
			sourceTree = "<group>";
		};
		B7C0598F2E535D9800870DAF /* ArtistDetails */ = {
			isa = PBXGroup;
			children = (
				B7BDCBE52E44D16E0012F609 /* ArtistDetailsViewModel.swift */,
			);
			path = ArtistDetails;
			sourceTree = "<group>";
		};
		B7C059902E535DBB00870DAF /* Model */ = {
			isa = PBXGroup;
			children = (
				B786EC3C2E4B7F6F0091FC6B /* Album.swift */,
				B786EC3E2E4B80090091FC6B /* Track.swift */,
			);
			path = Model;
			sourceTree = "<group>";
		};
		B7C059942E5369F500870DAF /* ViewModel */ = {
			isa = PBXGroup;
			children = (
				B7C059952E536A2F00870DAF /* AlbumTrackViewModel.swift */,
			);
			path = ViewModel;
			sourceTree = "<group>";
		};
		B7DCE46B2E4F49EA00ADF360 /* API */ = {
			isa = PBXGroup;
			children = (
				B7DCE46C2E4F503C00ADF360 /* SpotifyAPI.swift */,
				B7DC01CB2E54A6B3008BF457 /* SpotifyArtistAPI.swift */,
				B7DC01CD2E54A6F7008BF457 /* SpotifyTracksAPI.swift */,
				B70BD04E2E4E68DD008B4307 /* ErrorHandling.swift */,
				B70BD0562E4E69CD008B4307 /* TokenManager.swift */,
				B7DCE4702E4F6F0600ADF360 /* SpotifyAPIResponse.swift */,
			);
			path = API;
			sourceTree = "<group>";
		};
		B7E2461C2E43937D00E19844 /* ArtistDetails */ = {
			isa = PBXGroup;
			children = (
				B78B4CF92E3CEA3E004DC1F6 /* ArtistDetailsView.swift */,
				B7E2461D2E4393E200E19844 /* DetailsScreenHeader.swift */,
			);
			path = ArtistDetails;
			sourceTree = "<group>";
		};
/* End PBXGroup section */

/* Begin PBXNativeTarget section */
		B792F2CE2E37A5FD007F0572 /* SpotifyExplorer */ = {
			isa = PBXNativeTarget;
			buildConfigurationList = B792F2DD2E37A601007F0572 /* Build configuration list for PBXNativeTarget "SpotifyExplorer" */;
			buildPhases = (
				B792F2CB2E37A5FD007F0572 /* Sources */,
				B792F2CC2E37A5FD007F0572 /* Frameworks */,
				B792F2CD2E37A5FD007F0572 /* Resources */,
			);
			buildRules = (
			);
			dependencies = (
			);
			name = SpotifyExplorer;
			packageProductDependencies = (
				B7DC01D02E54AADC008BF457 /* Kingfisher */,
			);
			productName = SpotifyExplorer;
			productReference = B792F2CF2E37A5FD007F0572 /* SpotifyExplorer.app */;
			productType = "com.apple.product-type.application";
		};
/* End PBXNativeTarget section */

/* Begin PBXProject section */
		B792F2C72E37A5FD007F0572 /* Project object */ = {
			isa = PBXProject;
			attributes = {
				BuildIndependentTargetsInParallel = 1;
				LastSwiftUpdateCheck = 1520;
				LastUpgradeCheck = 1520;
				TargetAttributes = {
					B792F2CE2E37A5FD007F0572 = {
						CreatedOnToolsVersion = 15.2;
					};
				};
			};
			buildConfigurationList = B792F2CA2E37A5FD007F0572 /* Build configuration list for PBXProject "SpotifyExplorer" */;
			compatibilityVersion = "Xcode 14.0";
			developmentRegion = en;
			hasScannedForEncodings = 0;
			knownRegions = (
				en,
				Base,
			);
			mainGroup = B792F2C62E37A5FD007F0572;
			packageReferences = (
				B7DC01CF2E54AADC008BF457 /* XCRemoteSwiftPackageReference "Kingfisher" */,
			);
			productRefGroup = B792F2D02E37A5FD007F0572 /* Products */;
			projectDirPath = "";
			projectRoot = "";
			targets = (
				B792F2CE2E37A5FD007F0572 /* SpotifyExplorer */,
			);
		};
/* End PBXProject section */

/* Begin PBXResourcesBuildPhase section */
		B792F2CD2E37A5FD007F0572 /* Resources */ = {
			isa = PBXResourcesBuildPhase;
			buildActionMask = 2147483647;
			files = (
				B792F2DA2E37A601007F0572 /* Preview Assets.xcassets in Resources */,
				B792F2D72E37A601007F0572 /* Assets.xcassets in Resources */,
			);
			runOnlyForDeploymentPostprocessing = 0;
		};
/* End PBXResourcesBuildPhase section */

/* Begin PBXSourcesBuildPhase section */
		B792F2CB2E37A5FD007F0572 /* Sources */ = {
			isa = PBXSourcesBuildPhase;
			buildActionMask = 2147483647;
			files = (
				B7132C5C2E5C9DF90050A289 /* ViewNavigation.swift in Sources */,
				B7BDCBE82E44D74C0012F609 /* AlbumTrackView.swift in Sources */,
				B786EC3F2E4B80090091FC6B /* Track.swift in Sources */,
				B78B4CF82E3CDFBC004DC1F6 /* Styles.swift in Sources */,
				B7C059962E536A2F00870DAF /* AlbumTrackViewModel.swift in Sources */,
				B76D317E2E744B1E0060DABF /* FloatingParticles.swift in Sources */,
				B7E246202E43999A00E19844 /* FavoriteButton.swift in Sources */,
				B78B4CFE2E3CFD80004DC1F6 /* CardAlbum.swift in Sources */,
				B7B1B9862E65B36800DF9752 /* ShimmerEffect.swift in Sources */,
				B792F2D52E37A5FD007F0572 /* HomeScreenView.swift in Sources */,
				B78E64802E6B0D3000DCA4A1 /* ImageCacheConfig.swift in Sources */,
				B7B851102E42159500C0E9B7 /* GenreArtistsViewModel.swift in Sources */,
				B7F0D0752E3A5AFC008DB1E7 /* GenreButton.swift in Sources */,
				B7F0D0732E3A397D008DB1E7 /* CardArtist.swift in Sources */,
				B7132C5E2E5C9E400050A289 /* GlobalFunctions.swift in Sources */,
				B7DC01CE2E54A6F7008BF457 /* SpotifyTracksAPI.swift in Sources */,
				B75EA0352E40FF6800019E97 /* ListGenreView.swift in Sources */,
				B7706DFD2E38FE3D00D0E04C /* SearchArtistView.swift in Sources */,
				B7706DFF2E3902CA00D0E04C /* FavoriteArtistsView.swift in Sources */,
				B7BDCBE62E44D16E0012F609 /* ArtistDetailsViewModel.swift in Sources */,
				B70BD0572E4E69CD008B4307 /* TokenManager.swift in Sources */,
				B7706E012E39035100D0E04C /* TabBarView.swift in Sources */,
				B7DC01CC2E54A6B3008BF457 /* SpotifyArtistAPI.swift in Sources */,
				B76D31802E744D500060DABF /* MusicBar.swift in Sources */,
				B786EC3B2E4B7F600091FC6B /* Artist.swift in Sources */,
				B7132C5A2E5C9D520050A289 /* TabBarAppearance.swift in Sources */,
				B7BDC6D42E3BB7B200BE8A4D /* CardFavorites.swift in Sources */,
				B7DCE46F2E4F6C0D00ADF360 /* SpotifySharedModels.swift in Sources */,
				B73DED9E2E608CD800C04D97 /* PreviewMock.swift in Sources */,
				B70BD04F2E4E68DD008B4307 /* ErrorHandling.swift in Sources */,
				B7DCE46D2E4F503C00ADF360 /* SpotifyAPI.swift in Sources */,
				B76D31822E744ECB0060DABF /* DecorationHomeView.swift in Sources */,
				B7BDCBE42E44C3220012F609 /* CardTracks.swift in Sources */,
				B7BDC6D22E3B811F00BE8A4D /* CardSuggestion.swift in Sources */,
				B7E2461E2E4393E200E19844 /* DetailsScreenHeader.swift in Sources */,
				B78B4CFA2E3CEA3E004DC1F6 /* ArtistDetailsView.swift in Sources */,
				B7DCE4712E4F6F0600ADF360 /* SpotifyAPIResponse.swift in Sources */,
				B792F2D32E37A5FD007F0572 /* SpotifyExplorerApp.swift in Sources */,
				B7F72CC72E40C366007E26C3 /* SearchArtistViewModel.swift in Sources */,
				B7F72CC92E40D533007E26C3 /* FavoritesViewModel.swift in Sources */,
				B786EC3D2E4B7F700091FC6B /* Album.swift in Sources */,
			);
			runOnlyForDeploymentPostprocessing = 0;
		};
/* End PBXSourcesBuildPhase section */

/* Begin XCBuildConfiguration section */
		B792F2DB2E37A601007F0572 /* Debug */ = {
			isa = XCBuildConfiguration;
			buildSettings = {
				ALWAYS_SEARCH_USER_PATHS = NO;
				ASSETCATALOG_COMPILER_GENERATE_SWIFT_ASSET_SYMBOL_EXTENSIONS = YES;
				CLANG_ANALYZER_NONNULL = YES;
				CLANG_ANALYZER_NUMBER_OBJECT_CONVERSION = YES_AGGRESSIVE;
				CLANG_CXX_LANGUAGE_STANDARD = "gnu++20";
				CLANG_ENABLE_MODULES = YES;
				CLANG_ENABLE_OBJC_ARC = YES;
				CLANG_ENABLE_OBJC_WEAK = YES;
				CLANG_WARN_BLOCK_CAPTURE_AUTORELEASING = YES;
				CLANG_WARN_BOOL_CONVERSION = YES;
				CLANG_WARN_COMMA = YES;
				CLANG_WARN_CONSTANT_CONVERSION = YES;
				CLANG_WARN_DEPRECATED_OBJC_IMPLEMENTATIONS = YES;
				CLANG_WARN_DIRECT_OBJC_ISA_USAGE = YES_ERROR;
				CLANG_WARN_DOCUMENTATION_COMMENTS = YES;
				CLANG_WARN_EMPTY_BODY = YES;
				CLANG_WARN_ENUM_CONVERSION = YES;
				CLANG_WARN_INFINITE_RECURSION = YES;
				CLANG_WARN_INT_CONVERSION = YES;
				CLANG_WARN_NON_LITERAL_NULL_CONVERSION = YES;
				CLANG_WARN_OBJC_IMPLICIT_RETAIN_SELF = YES;
				CLANG_WARN_OBJC_LITERAL_CONVERSION = YES;
				CLANG_WARN_OBJC_ROOT_CLASS = YES_ERROR;
				CLANG_WARN_QUOTED_INCLUDE_IN_FRAMEWORK_HEADER = YES;
				CLANG_WARN_RANGE_LOOP_ANALYSIS = YES;
				CLANG_WARN_STRICT_PROTOTYPES = YES;
				CLANG_WARN_SUSPICIOUS_MOVE = YES;
				CLANG_WARN_UNGUARDED_AVAILABILITY = YES_AGGRESSIVE;
				CLANG_WARN_UNREACHABLE_CODE = YES;
				CLANG_WARN__DUPLICATE_METHOD_MATCH = YES;
				COPY_PHASE_STRIP = NO;
				DEBUG_INFORMATION_FORMAT = dwarf;
				ENABLE_STRICT_OBJC_MSGSEND = YES;
				ENABLE_TESTABILITY = YES;
				ENABLE_USER_SCRIPT_SANDBOXING = YES;
				GCC_C_LANGUAGE_STANDARD = gnu17;
				GCC_DYNAMIC_NO_PIC = NO;
				GCC_NO_COMMON_BLOCKS = YES;
				GCC_OPTIMIZATION_LEVEL = 0;
				GCC_PREPROCESSOR_DEFINITIONS = (
					"DEBUG=1",
					"$(inherited)",
				);
				GCC_WARN_64_TO_32_BIT_CONVERSION = YES;
				GCC_WARN_ABOUT_RETURN_TYPE = YES_ERROR;
				GCC_WARN_UNDECLARED_SELECTOR = YES;
				GCC_WARN_UNINITIALIZED_AUTOS = YES_AGGRESSIVE;
				GCC_WARN_UNUSED_FUNCTION = YES;
				GCC_WARN_UNUSED_VARIABLE = YES;
				IPHONEOS_DEPLOYMENT_TARGET = 17.2;
				LOCALIZATION_PREFERS_STRING_CATALOGS = YES;
				MTL_ENABLE_DEBUG_INFO = INCLUDE_SOURCE;
				MTL_FAST_MATH = YES;
				ONLY_ACTIVE_ARCH = YES;
				SDKROOT = iphoneos;
				SWIFT_ACTIVE_COMPILATION_CONDITIONS = "DEBUG $(inherited)";
				SWIFT_OPTIMIZATION_LEVEL = "-Onone";
			};
			name = Debug;
		};
		B792F2DC2E37A601007F0572 /* Release */ = {
			isa = XCBuildConfiguration;
			buildSettings = {
				ALWAYS_SEARCH_USER_PATHS = NO;
				ASSETCATALOG_COMPILER_GENERATE_SWIFT_ASSET_SYMBOL_EXTENSIONS = YES;
				CLANG_ANALYZER_NONNULL = YES;
				CLANG_ANALYZER_NUMBER_OBJECT_CONVERSION = YES_AGGRESSIVE;
				CLANG_CXX_LANGUAGE_STANDARD = "gnu++20";
				CLANG_ENABLE_MODULES = YES;
				CLANG_ENABLE_OBJC_ARC = YES;
				CLANG_ENABLE_OBJC_WEAK = YES;
				CLANG_WARN_BLOCK_CAPTURE_AUTORELEASING = YES;
				CLANG_WARN_BOOL_CONVERSION = YES;
				CLANG_WARN_COMMA = YES;
				CLANG_WARN_CONSTANT_CONVERSION = YES;
				CLANG_WARN_DEPRECATED_OBJC_IMPLEMENTATIONS = YES;
				CLANG_WARN_DIRECT_OBJC_ISA_USAGE = YES_ERROR;
				CLANG_WARN_DOCUMENTATION_COMMENTS = YES;
				CLANG_WARN_EMPTY_BODY = YES;
				CLANG_WARN_ENUM_CONVERSION = YES;
				CLANG_WARN_INFINITE_RECURSION = YES;
				CLANG_WARN_INT_CONVERSION = YES;
				CLANG_WARN_NON_LITERAL_NULL_CONVERSION = YES;
				CLANG_WARN_OBJC_IMPLICIT_RETAIN_SELF = YES;
				CLANG_WARN_OBJC_LITERAL_CONVERSION = YES;
				CLANG_WARN_OBJC_ROOT_CLASS = YES_ERROR;
				CLANG_WARN_QUOTED_INCLUDE_IN_FRAMEWORK_HEADER = YES;
				CLANG_WARN_RANGE_LOOP_ANALYSIS = YES;
				CLANG_WARN_STRICT_PROTOTYPES = YES;
				CLANG_WARN_SUSPICIOUS_MOVE = YES;
				CLANG_WARN_UNGUARDED_AVAILABILITY = YES_AGGRESSIVE;
				CLANG_WARN_UNREACHABLE_CODE = YES;
				CLANG_WARN__DUPLICATE_METHOD_MATCH = YES;
				COPY_PHASE_STRIP = NO;
				DEBUG_INFORMATION_FORMAT = "dwarf-with-dsym";
				ENABLE_NS_ASSERTIONS = NO;
				ENABLE_STRICT_OBJC_MSGSEND = YES;
				ENABLE_USER_SCRIPT_SANDBOXING = YES;
				GCC_C_LANGUAGE_STANDARD = gnu17;
				GCC_NO_COMMON_BLOCKS = YES;
				GCC_WARN_64_TO_32_BIT_CONVERSION = YES;
				GCC_WARN_ABOUT_RETURN_TYPE = YES_ERROR;
				GCC_WARN_UNDECLARED_SELECTOR = YES;
				GCC_WARN_UNINITIALIZED_AUTOS = YES_AGGRESSIVE;
				GCC_WARN_UNUSED_FUNCTION = YES;
				GCC_WARN_UNUSED_VARIABLE = YES;
				IPHONEOS_DEPLOYMENT_TARGET = 17.2;
				LOCALIZATION_PREFERS_STRING_CATALOGS = YES;
				MTL_ENABLE_DEBUG_INFO = NO;
				MTL_FAST_MATH = YES;
				SDKROOT = iphoneos;
				SWIFT_COMPILATION_MODE = wholemodule;
				VALIDATE_PRODUCT = YES;
			};
			name = Release;
		};
		B792F2DE2E37A601007F0572 /* Debug */ = {
			isa = XCBuildConfiguration;
			buildSettings = {
				ASSETCATALOG_COMPILER_APPICON_NAME = AppIcon;
				ASSETCATALOG_COMPILER_GLOBAL_ACCENT_COLOR_NAME = AccentColor;
				CODE_SIGN_STYLE = Automatic;
				CURRENT_PROJECT_VERSION = 1;
				DEVELOPMENT_ASSET_PATHS = "\"SpotifyExplorer/Preview Content\"";
				DEVELOPMENT_TEAM = 872565992N;
				ENABLE_PREVIEWS = YES;
				GENERATE_INFOPLIST_FILE = YES;
				INFOPLIST_KEY_UIApplicationSceneManifest_Generation = YES;
				INFOPLIST_KEY_UIApplicationSupportsIndirectInputEvents = YES;
				INFOPLIST_KEY_UILaunchScreen_Generation = YES;
				INFOPLIST_KEY_UISupportedInterfaceOrientations_iPad = "UIInterfaceOrientationPortrait UIInterfaceOrientationPortraitUpsideDown UIInterfaceOrientationLandscapeLeft UIInterfaceOrientationLandscapeRight";
				INFOPLIST_KEY_UISupportedInterfaceOrientations_iPhone = "UIInterfaceOrientationPortrait UIInterfaceOrientationLandscapeLeft UIInterfaceOrientationLandscapeRight";
				LD_RUNPATH_SEARCH_PATHS = (
					"$(inherited)",
					"@executable_path/Frameworks",
				);
				MARKETING_VERSION = 1.0;
				PRODUCT_BUNDLE_IDENTIFIER = mariadias.SpotifyExplorer;
				PRODUCT_NAME = "$(TARGET_NAME)";
				SWIFT_EMIT_LOC_STRINGS = YES;
				SWIFT_VERSION = 5.0;
				TARGETED_DEVICE_FAMILY = "1,2";
			};
			name = Debug;
		};
		B792F2DF2E37A601007F0572 /* Release */ = {
			isa = XCBuildConfiguration;
			buildSettings = {
				ASSETCATALOG_COMPILER_APPICON_NAME = AppIcon;
				ASSETCATALOG_COMPILER_GLOBAL_ACCENT_COLOR_NAME = AccentColor;
				CODE_SIGN_STYLE = Automatic;
				CURRENT_PROJECT_VERSION = 1;
				DEVELOPMENT_ASSET_PATHS = "\"SpotifyExplorer/Preview Content\"";
				DEVELOPMENT_TEAM = 872565992N;
				ENABLE_PREVIEWS = YES;
				GENERATE_INFOPLIST_FILE = YES;
				INFOPLIST_KEY_UIApplicationSceneManifest_Generation = YES;
				INFOPLIST_KEY_UIApplicationSupportsIndirectInputEvents = YES;
				INFOPLIST_KEY_UILaunchScreen_Generation = YES;
				INFOPLIST_KEY_UISupportedInterfaceOrientations_iPad = "UIInterfaceOrientationPortrait UIInterfaceOrientationPortraitUpsideDown UIInterfaceOrientationLandscapeLeft UIInterfaceOrientationLandscapeRight";
				INFOPLIST_KEY_UISupportedInterfaceOrientations_iPhone = "UIInterfaceOrientationPortrait UIInterfaceOrientationLandscapeLeft UIInterfaceOrientationLandscapeRight";
				LD_RUNPATH_SEARCH_PATHS = (
					"$(inherited)",
					"@executable_path/Frameworks",
				);
				MARKETING_VERSION = 1.0;
				PRODUCT_BUNDLE_IDENTIFIER = mariadias.SpotifyExplorer;
				PRODUCT_NAME = "$(TARGET_NAME)";
				SWIFT_EMIT_LOC_STRINGS = YES;
				SWIFT_VERSION = 5.0;
				TARGETED_DEVICE_FAMILY = "1,2";
			};
			name = Release;
		};
/* End XCBuildConfiguration section */

/* Begin XCConfigurationList section */
		B792F2CA2E37A5FD007F0572 /* Build configuration list for PBXProject "SpotifyExplorer" */ = {
			isa = XCConfigurationList;
			buildConfigurations = (
				B792F2DB2E37A601007F0572 /* Debug */,
				B792F2DC2E37A601007F0572 /* Release */,
			);
			defaultConfigurationIsVisible = 0;
			defaultConfigurationName = Release;
		};
		B792F2DD2E37A601007F0572 /* Build configuration list for PBXNativeTarget "SpotifyExplorer" */ = {
			isa = XCConfigurationList;
			buildConfigurations = (
				B792F2DE2E37A601007F0572 /* Debug */,
				B792F2DF2E37A601007F0572 /* Release */,
			);
			defaultConfigurationIsVisible = 0;
			defaultConfigurationName = Release;
		};
/* End XCConfigurationList section */

/* Begin XCRemoteSwiftPackageReference section */
		B7DC01CF2E54AADC008BF457 /* XCRemoteSwiftPackageReference "Kingfisher" */ = {
			isa = XCRemoteSwiftPackageReference;
			repositoryURL = "https://github.com/onevcat/Kingfisher.git";
			requirement = {
				kind = upToNextMajorVersion;
				minimumVersion = 8.5.0;
			};
		};
/* End XCRemoteSwiftPackageReference section */

/* Begin XCSwiftPackageProductDependency section */
		B7DC01D02E54AADC008BF457 /* Kingfisher */ = {
			isa = XCSwiftPackageProductDependency;
			package = B7DC01CF2E54AADC008BF457 /* XCRemoteSwiftPackageReference "Kingfisher" */;
			productName = Kingfisher;
		};
/* End XCSwiftPackageProductDependency section */
	};
	rootObject = B792F2C72E37A5FD007F0572 /* Project object */;
}
